
Microsoft Visual Studio Solution File, Format Version 12.00
# Visual Studio 15
VisualStudioVersion = 15.0.28010.2048
MinimumVisualStudioVersion = 10.0.40219.1
Project("{FAE04EC0-301F-11D3-BF4B-00C04F79EFBC}") = "AddingNumbers", "AddingNumbers\AddingNumbers.csproj", "{559A496B-2C40-4B9A-A7E0-CC4D1B83467D}"
EndProject
Global
	GlobalSection(SolutionConfigurationPlatforms) = preSolution
		Debug|Any CPU = Debug|Any CPU
		Release|Any CPU = Release|Any CPU
	EndGlobalSection
	GlobalSection(ProjectConfigurationPlatforms) = postSolution
		{559A496B-2C40-4B9A-A7E0-CC4D1B83467D}.Debug|Any CPU.ActiveCfg = Debug|Any CPU
		{559A496B-2C40-4B9A-A7E0-CC4D1B83467D}.Debug|Any CPU.Build.0 = Debug|Any CPU
		{559A496B-2C40-4B9A-A7E0-CC4D1B83467D}.Release|Any CPU.ActiveCfg = Release|Any CPU
		{559A496B-2C40-4B9A-A7E0-CC4D1B83467D}.Release|Any CPU.Build.0 = Release|Any CPU
	EndGlobalSection
	GlobalSection(SolutionProperties) = preSolution
		HideSolutionNode = FALSE
	EndGlobalSection
	GlobalSection(ExtensibilityGlobals) = postSolution
		SolutionGuid = {F39693CB-8416-4116-9E7C-E5C8DB57F7F0}
	EndGlobalSection
EndGlobal
